
Microsoft Visual Studio Solution File, Format Version 12.00
# Visual Studio Version 16
VisualStudioVersion = 16.0.30804.86
MinimumVisualStudioVersion = 10.0.40219.1
Project("{FAE04EC0-301F-11D3-BF4B-00C04F79EFBC}") = "githubdeneme", "githubdeneme\githubdeneme.csproj", "{C66FD026-EF8F-42B6-9BD2-C33E1F7ACBBC}"
EndProject
Global
	GlobalSection(SolutionConfigurationPlatforms) = preSolution
		Debug|Any CPU = Debug|Any CPU
		Release|Any CPU = Release|Any CPU
	EndGlobalSection
	GlobalSection(ProjectConfigurationPlatforms) = postSolution
		{C66FD026-EF8F-42B6-9BD2-C33E1F7ACBBC}.Debug|Any CPU.ActiveCfg = Debug|Any CPU
		{C66FD026-EF8F-42B6-9BD2-C33E1F7ACBBC}.Debug|Any CPU.Build.0 = Debug|Any CPU
		{C66FD026-EF8F-42B6-9BD2-C33E1F7ACBBC}.Release|Any CPU.ActiveCfg = Release|Any CPU
		{C66FD026-EF8F-42B6-9BD2-C33E1F7ACBBC}.Release|Any CPU.Build.0 = Release|Any CPU
	EndGlobalSection
	GlobalSection(SolutionProperties) = preSolution
		HideSolutionNode = FALSE
	EndGlobalSection
	GlobalSection(ExtensibilityGlobals) = postSolution
		SolutionGuid = {BE753BDB-CC31-4535-82E1-4A99C7811691}
	EndGlobalSection
EndGlobal
